
Microsoft Visual Studio Solution File, Format Version 12.00
# Visual Studio 15
VisualStudioVersion = 15.0.28010.2019
MinimumVisualStudioVersion = 10.0.40219.1
Project("{FAE04EC0-301F-11D3-BF4B-00C04F79EFBC}") = "OnelineBookStoreAPI", "OnelineBookStoreAPI\OnelineBookStoreAPI.csproj", "{B727D066-CD52-4013-8140-EF83310771EC}"
EndProject
Project("{FAE04EC0-301F-11D3-BF4B-00C04F79EFBC}") = "OnelineBookStoreAPI.Tests", "OnelineBookStoreAPI.Tests\OnelineBookStoreAPI.Tests.csproj", "{EA1FC5C6-EF28-43B7-97D6-473F14F50BDE}"
EndProject
Project("{FAE04EC0-301F-11D3-BF4B-00C04F79EFBC}") = "OnelineBookStoreAPI.DAL", "OnelineBookStoreAPI.DAL\OnelineBookStoreAPI.DAL.csproj", "{6CD4F8F6-2F20-4C4A-B7CD-5D823B38D9FD}"
EndProject
Project("{FAE04EC0-301F-11D3-BF4B-00C04F79EFBC}") = "OnelineBookStoreAPI.Interfaces", "OnelineBookStoreAPI.Interfaces\OnelineBookStoreAPI.Interfaces.csproj", "{8FDC43C0-3928-4E8B-BC44-D9AC5CC2F43F}"
EndProject
Project("{FAE04EC0-301F-11D3-BF4B-00C04F79EFBC}") = "OnelineBookStoreAPI.Services", "OnelineBookStoreAPI.Services\OnelineBookStoreAPI.Services.csproj", "{5CDA0851-43EB-4BE0-B739-F124192EF3E8}"
EndProject
Global
	GlobalSection(SolutionConfigurationPlatforms) = preSolution
		Debug|Any CPU = Debug|Any CPU
		Release|Any CPU = Release|Any CPU
	EndGlobalSection
	GlobalSection(ProjectConfigurationPlatforms) = postSolution
		{B727D066-CD52-4013-8140-EF83310771EC}.Debug|Any CPU.ActiveCfg = Debug|Any CPU
		{B727D066-CD52-4013-8140-EF83310771EC}.Debug|Any CPU.Build.0 = Debug|Any CPU
		{B727D066-CD52-4013-8140-EF83310771EC}.Release|Any CPU.ActiveCfg = Release|Any CPU
		{B727D066-CD52-4013-8140-EF83310771EC}.Release|Any CPU.Build.0 = Release|Any CPU
		{EA1FC5C6-EF28-43B7-97D6-473F14F50BDE}.Debug|Any CPU.ActiveCfg = Debug|Any CPU
		{EA1FC5C6-EF28-43B7-97D6-473F14F50BDE}.Debug|Any CPU.Build.0 = Debug|Any CPU
		{EA1FC5C6-EF28-43B7-97D6-473F14F50BDE}.Release|Any CPU.ActiveCfg = Release|Any CPU
		{EA1FC5C6-EF28-43B7-97D6-473F14F50BDE}.Release|Any CPU.Build.0 = Release|Any CPU
		{6CD4F8F6-2F20-4C4A-B7CD-5D823B38D9FD}.Debug|Any CPU.ActiveCfg = Debug|Any CPU
		{6CD4F8F6-2F20-4C4A-B7CD-5D823B38D9FD}.Debug|Any CPU.Build.0 = Debug|Any CPU
		{6CD4F8F6-2F20-4C4A-B7CD-5D823B38D9FD}.Release|Any CPU.ActiveCfg = Release|Any CPU
		{6CD4F8F6-2F20-4C4A-B7CD-5D823B38D9FD}.Release|Any CPU.Build.0 = Release|Any CPU
		{8FDC43C0-3928-4E8B-BC44-D9AC5CC2F43F}.Debug|Any CPU.ActiveCfg = Debug|Any CPU
		{8FDC43C0-3928-4E8B-BC44-D9AC5CC2F43F}.Debug|Any CPU.Build.0 = Debug|Any CPU
		{8FDC43C0-3928-4E8B-BC44-D9AC5CC2F43F}.Release|Any CPU.ActiveCfg = Release|Any CPU
		{8FDC43C0-3928-4E8B-BC44-D9AC5CC2F43F}.Release|Any CPU.Build.0 = Release|Any CPU
		{5CDA0851-43EB-4BE0-B739-F124192EF3E8}.Debug|Any CPU.ActiveCfg = Debug|Any CPU
		{5CDA0851-43EB-4BE0-B739-F124192EF3E8}.Debug|Any CPU.Build.0 = Debug|Any CPU
		{5CDA0851-43EB-4BE0-B739-F124192EF3E8}.Release|Any CPU.ActiveCfg = Release|Any CPU
		{5CDA0851-43EB-4BE0-B739-F124192EF3E8}.Release|Any CPU.Build.0 = Release|Any CPU
	EndGlobalSection
	GlobalSection(SolutionProperties) = preSolution
		HideSolutionNode = FALSE
	EndGlobalSection
	GlobalSection(ExtensibilityGlobals) = postSolution
		SolutionGuid = {A6DF98F9-C026-4022-8A1A-51CE64C9115C}
	EndGlobalSection
EndGlobal
